version = 1
revision = 2
requires-python = ">=3.13"

[[package]]
name = "spotlight-segment"
version = "0.1.0"
source = { virtual = "." }
dependencies = [
    { name = "yt-dlp" },
]

[package.metadata]
requires-dist = [{ name = "yt-dlp", specifier = ">=2025.4.30" }]

[[package]]
name = "yt-dlp"
version = "2025.4.30"
source = { registry = "https://pypi.org/simple" }
sdist = { url = "https://files.pythonhosted.org/packages/75/ca/1d1a33dec2107463f59bc4b448fcf43718d86a36b6150e8a0cfd1a96a893/yt_dlp-2025.4.30.tar.gz", hash = "sha256:d01367d0c3ae94e35cb1e2eccb7a7c70e181c4ca448f4ee2374f26489d263603", size = 2981094, upload-time = "2025-04-30T23:31:17.679Z" }
wheels = [
    { url = "https://files.pythonhosted.org/packages/ea/18/bbccb18661a853c3db947152439229b9bf686fe0ab2cc7848ab3a24f2ad2/yt_dlp-2025.4.30-py3-none-any.whl", hash = "sha256:53cd82bf13f12a1fe9c564b0004e001156b153c9247fa3cef14d1400ab359150", size = 3239476, upload-time = "2025-04-30T23:31:14.997Z" },
]
